
Microsoft Visual Studio Solution File, Format Version 12.00
# Visual Studio 2012
Project("{FAE04EC0-301F-11D3-BF4B-00C04F79EFBC}") = "BallBox", "BallBox\BallBox.csproj", "{51D09896-7E39-4EFC-A450-4F991D7F7450}"
EndProject
Global
	GlobalSection(SolutionConfigurationPlatforms) = preSolution
		Debug|Any CPU = Debug|Any CPU
		Release|Any CPU = Release|Any CPU
	EndGlobalSection
	GlobalSection(ProjectConfigurationPlatforms) = postSolution
		{51D09896-7E39-4EFC-A450-4F991D7F7450}.Debug|Any CPU.ActiveCfg = Debug|Any CPU
		{51D09896-7E39-4EFC-A450-4F991D7F7450}.Debug|Any CPU.Build.0 = Debug|Any CPU
		{51D09896-7E39-4EFC-A450-4F991D7F7450}.Release|Any CPU.ActiveCfg = Release|Any CPU
		{51D09896-7E39-4EFC-A450-4F991D7F7450}.Release|Any CPU.Build.0 = Release|Any CPU
	EndGlobalSection
EndGlobal
